
Microsoft Visual Studio Solution File, Format Version 12.00
Project("{FAE04EC0-301F-11D3-BF4B-00C04F79EFBC}") = "CrudExample", "CrudExample\CrudExample.csproj", "{23B8EB5A-FDB4-4441-9DBC-F0211D98106D}"
EndProject
Global
	GlobalSection(SolutionConfigurationPlatforms) = preSolution
		Debug|Any CPU = Debug|Any CPU
		Release|Any CPU = Release|Any CPU
	EndGlobalSection
	GlobalSection(ProjectConfigurationPlatforms) = postSolution
		{23B8EB5A-FDB4-4441-9DBC-F0211D98106D}.Debug|Any CPU.ActiveCfg = Debug|Any CPU
		{23B8EB5A-FDB4-4441-9DBC-F0211D98106D}.Debug|Any CPU.Build.0 = Debug|Any CPU
		{23B8EB5A-FDB4-4441-9DBC-F0211D98106D}.Release|Any CPU.ActiveCfg = Release|Any CPU
		{23B8EB5A-FDB4-4441-9DBC-F0211D98106D}.Release|Any CPU.Build.0 = Release|Any CPU
	EndGlobalSection
EndGlobal
